<?xml version="1.0" encoding="utf-8"?>
<Project ToolsVersion="4.0" xmlns="http://schemas.microsoft.com/developer/msbuild/2003">
  <ItemGroup>
    <Filter Include="Source Files">
      <UniqueIdentifier>{4FC737F1-C7A5-4376-A066-2A32D752A2FF}</UniqueIdentifier>
      <Extensions>cpp;c;cc;cxx;def;odl;idl;hpj;bat;asm;asmx</Extensions>
    </Filter>
    <Filter Include="Header Files">
      <UniqueIdentifier>{93995380-89BD-4b04-88EB-625FBE52EBFB}</UniqueIdentifier>
      <Extensions>h;hh;hpp;hxx;hm;inl;inc;xsd</Extensions>
    </Filter>
    <Filter Include="Resource Files">
      <UniqueIdentifier>{67DA6AB6-F800-4c08-8B7A-83BB121AAD01}</UniqueIdentifier>
      <Extensions>rc;ico;cur;bmp;dlg;rc2;rct;bin;rgs;gif;jpg;jpeg;jpe;resx;tiff;tif;png;wav;mfcribbon-ms</Extensions>
    </Filter>
    <Filter Include="Header Files\alg">
      <UniqueIdentifier>{8593f605-a075-4e64-873c-e2aa57cac0ca}</UniqueIdentifier>
    </Filter>
    <Filter Include="Source Files\alg">
      <UniqueIdentifier>{7ec3496c-136a-4cdd-8866-4f71d4ff523d}</UniqueIdentifier>
    </Filter>
    <Filter Include="Header Files\media">
      <UniqueIdentifier>{e353098e-3612-4191-adb0-e7560925db07}</UniqueIdentifier>
    </Filter>
    <Filter Include="Source Files\media">
      <UniqueIdentifier>{c01fdad1-e6a6-43f1-aba5-cefe7d5955ff}</UniqueIdentifier>
    </Filter>
    <Filter Include="Header Files\train">
      <UniqueIdentifier>{7f09bfd5-6cfe-47ee-8f59-75460afd4cce}</UniqueIdentifier>
    </Filter>
    <Filter Include="Source Files\train">
      <UniqueIdentifier>{2b32fdef-a43b-4ebe-b6bd-d5c7c0934a4b}</UniqueIdentifier>
    </Filter>
    <Filter Include="Source Files\test">
      <UniqueIdentifier>{d88abd30-3c10-48e9-867a-b7c9d912a1c2}</UniqueIdentifier>
    </Filter>
    <Filter Include="Header Files\test">
      <UniqueIdentifier>{ebe9553d-8add-4333-8ffb-e3caba3228a4}</UniqueIdentifier>
    </Filter>
    <Filter Include="Header Files\3dparty">
      <UniqueIdentifier>{c60c3092-cca5-48c3-a631-727ce2448de7}</UniqueIdentifier>
    </Filter>
    <Filter Include="Header Files\utils">
      <UniqueIdentifier>{89a18a0d-cda4-4bf5-ae61-0734483bf76d}</UniqueIdentifier>
    </Filter>
    <Filter Include="Source Files\utils">
      <UniqueIdentifier>{4806f9f6-5432-463c-af77-30c4fbeae7ce}</UniqueIdentifier>
    </Filter>
    <Filter Include="Source Files\3dparty">
      <UniqueIdentifier>{2492c6f4-6ecb-4a5b-9626-2d3236b73b22}</UniqueIdentifier>
    </Filter>
  </ItemGroup>
  <ItemGroup>
    <ClCompile Include="main.cpp">
      <Filter>Source Files</Filter>
    </ClCompile>
    <ClCompile Include="source\alg\mog.cpp">
      <Filter>Source Files\alg</Filter>
    </ClCompile>
    <ClCompile Include="source\alg\hog.cpp">
      <Filter>Source Files\alg</Filter>
    </ClCompile>
    <ClCompile Include="source\alg\convexhull.cpp">
      <Filter>Source Files\alg</Filter>
    </ClCompile>
    <ClCompile Include="source\media\videostream.cpp">
      <Filter>Source Files\media</Filter>
    </ClCompile>
    <ClCompile Include="source\train\trainhog.cpp">
      <Filter>Source Files\train</Filter>
    </ClCompile>
    <ClCompile Include="source\pipeline.cpp">
      <Filter>Source Files</Filter>
    </ClCompile>
    <ClCompile Include="source\alg\cascadeClass.cpp">
      <Filter>Source Files\alg</Filter>
    </ClCompile>
    <ClCompile Include="source\test\svmTest.cpp">
      <Filter>Source Files\test</Filter>
    </ClCompile>
    <ClCompile Include="source\test\diffEvoTest.cpp">
      <Filter>Source Files\test</Filter>
    </ClCompile>
    <ClCompile Include="source\test\testClass.cpp">
      <Filter>Source Files\test</Filter>
    </ClCompile>
    <ClCompile Include="source\alg\fhog.cpp">
      <Filter>Source Files\alg</Filter>
    </ClCompile>
    <ClCompile Include="source\train\trainfhog.cpp">
      <Filter>Source Files\train</Filter>
    </ClCompile>
    <ClCompile Include="source\train\combinedTrainHog.cpp">
      <Filter>Source Files\train</Filter>
    </ClCompile>
    <ClCompile Include="source\utils\extractorROI.cpp">
      <Filter>Source Files\utils</Filter>
    </ClCompile>
    <ClCompile Include="source\train\trainCascade.cpp">
      <Filter>Source Files\train</Filter>
    </ClCompile>
    <ClCompile Include="source\test\dlibSvmTest.cpp">
      <Filter>Source Files\test</Filter>
    </ClCompile>
    <ClCompile Include="source\alg\ownHog.cpp">
      <Filter>Source Files\alg</Filter>
    </ClCompile>
  </ItemGroup>
  <ItemGroup>
    <ClInclude Include="source\alg\mog.h">
      <Filter>Header Files\alg</Filter>
    </ClInclude>
    <ClInclude Include="source\alg\hog.h">
      <Filter>Header Files\alg</Filter>
    </ClInclude>
    <ClInclude Include="source\alg\convexhull.h">
      <Filter>Header Files\alg</Filter>
    </ClInclude>
    <ClInclude Include="source\media\croppedimage.h">
      <Filter>Header Files\media</Filter>
    </ClInclude>
    <ClInclude Include="source\media\videostream.h">
      <Filter>Header Files\media</Filter>
    </ClInclude>
    <ClInclude Include="source\train\trainhog.h">
      <Filter>Header Files\train</Filter>
    </ClInclude>
    <ClInclude Include="source\settings.h">
      <Filter>Header Files</Filter>
    </ClInclude>
    <ClInclude Include="source\pipeline.h">
      <Filter>Header Files</Filter>
    </ClInclude>
    <ClInclude Include="source\alg\cascadeClass.h">
      <Filter>Header Files\alg</Filter>
    </ClInclude>
    <ClInclude Include="source\test\svmTest.h">
      <Filter>Header Files\test</Filter>
    </ClInclude>
    <ClInclude Include="3dparty\de\DifferentialEvolution.h">
      <Filter>Header Files\3dparty</Filter>
    </ClInclude>
    <ClInclude Include="source\test\diffEvoTest.h">
      <Filter>Header Files\test</Filter>
    </ClInclude>
    <ClInclude Include="source\test\testClass.h">
      <Filter>Header Files\test</Filter>
    </ClInclude>
    <ClInclude Include="source\alg\fhog.h">
      <Filter>Header Files\alg</Filter>
    </ClInclude>
    <ClInclude Include="source\train\trainfhog.h">
      <Filter>Header Files\train</Filter>
    </ClInclude>
    <ClInclude Include="source\utils\utils.h">
      <Filter>Header Files\utils</Filter>
    </ClInclude>
    <ClInclude Include="source\train\combinedTrainHog.h">
      <Filter>Header Files\train</Filter>
    </ClInclude>
    <ClInclude Include="source\utils\extractorROI.h">
      <Filter>Header Files\utils</Filter>
    </ClInclude>
    <ClInclude Include="source\train\trainCascade.h">
      <Filter>Header Files\train</Filter>
    </ClInclude>
    <ClInclude Include="source\test\dlibSvmTest.h">
      <Filter>Header Files\test</Filter>
    </ClInclude>
    <ClInclude Include="source\alg\ownHog.h">
      <Filter>Header Files\alg</Filter>
    </ClInclude>
  </ItemGroup>
  <ItemGroup>
    <None Include="ClassDiagram.cd" />
    <None Include="ClassDiagram1.cd" />
  </ItemGroup>
</Project>